
Microsoft Visual Studio Solution File, Format Version 12.00
# Visual Studio Version 16
VisualStudioVersion = 16.0.29123.88
MinimumVisualStudioVersion = 10.0.40219.1
Project("{FAE04EC0-301F-11D3-BF4B-00C04F79EFBC}") = "MyVet.Common", "MyVet.Common\MyVet.Common.csproj", "{8DBB793E-24E7-4933-8740-AA41319F7CF2}"
EndProject
Project("{FAE04EC0-301F-11D3-BF4B-00C04F79EFBC}") = "MyVet.Web", "MyVet.Web\MyVet.Web.csproj", "{89AEA066-57D6-49CD-916D-072F872E48A2}"
EndProject
Global
	GlobalSection(SolutionConfigurationPlatforms) = preSolution
		Debug|Any CPU = Debug|Any CPU
		Release|Any CPU = Release|Any CPU
	EndGlobalSection
	GlobalSection(ProjectConfigurationPlatforms) = postSolution
		{8DBB793E-24E7-4933-8740-AA41319F7CF2}.Debug|Any CPU.ActiveCfg = Debug|Any CPU
		{8DBB793E-24E7-4933-8740-AA41319F7CF2}.Debug|Any CPU.Build.0 = Debug|Any CPU
		{8DBB793E-24E7-4933-8740-AA41319F7CF2}.Release|Any CPU.ActiveCfg = Release|Any CPU
		{8DBB793E-24E7-4933-8740-AA41319F7CF2}.Release|Any CPU.Build.0 = Release|Any CPU
		{89AEA066-57D6-49CD-916D-072F872E48A2}.Debug|Any CPU.ActiveCfg = Debug|Any CPU
		{89AEA066-57D6-49CD-916D-072F872E48A2}.Debug|Any CPU.Build.0 = Debug|Any CPU
		{89AEA066-57D6-49CD-916D-072F872E48A2}.Release|Any CPU.ActiveCfg = Release|Any CPU
		{89AEA066-57D6-49CD-916D-072F872E48A2}.Release|Any CPU.Build.0 = Release|Any CPU
	EndGlobalSection
	GlobalSection(SolutionProperties) = preSolution
		HideSolutionNode = FALSE
	EndGlobalSection
	GlobalSection(ExtensibilityGlobals) = postSolution
		SolutionGuid = {A596F2B7-64F1-48B5-9DD7-E9749BDEADBB}
	EndGlobalSection
EndGlobal
